
Microsoft Visual Studio Solution File, Format Version 12.00
# Visual Studio Version 16
VisualStudioVersion = 16.0.32510.428
MinimumVisualStudioVersion = 10.0.40219.1
Project("{FAE04EC0-301F-11D3-BF4B-00C04F79EFBC}") = "E-Commerce Website", "E-Commerce Website\E-Commerce Website.csproj", "{9ADC10F4-CE83-473D-8F8B-701A875CAEF7}"
EndProject
Global
	GlobalSection(SolutionConfigurationPlatforms) = preSolution
		Debug|Any CPU = Debug|Any CPU
		Release|Any CPU = Release|Any CPU
	EndGlobalSection
	GlobalSection(ProjectConfigurationPlatforms) = postSolution
		{9ADC10F4-CE83-473D-8F8B-701A875CAEF7}.Debug|Any CPU.ActiveCfg = Debug|Any CPU
		{9ADC10F4-CE83-473D-8F8B-701A875CAEF7}.Debug|Any CPU.Build.0 = Debug|Any CPU
		{9ADC10F4-CE83-473D-8F8B-701A875CAEF7}.Release|Any CPU.ActiveCfg = Release|Any CPU
		{9ADC10F4-CE83-473D-8F8B-701A875CAEF7}.Release|Any CPU.Build.0 = Release|Any CPU
	EndGlobalSection
	GlobalSection(SolutionProperties) = preSolution
		HideSolutionNode = FALSE
	EndGlobalSection
	GlobalSection(ExtensibilityGlobals) = postSolution
		SolutionGuid = {EB0E4252-009C-493E-936E-756D6E7C68F1}
	EndGlobalSection
EndGlobal
